{
  "name": "flask-todo",
  "lockfileVersion": 3,
  "requires": true,
  "packages": {
    "": {
      "dependencies": {
        "tailwindcss": "^4.0.0"
      }
    },
    "node_modules/tailwindcss": {
      "version": "4.0.16",
      "resolved": "https://registry.npmjs.org/tailwindcss/-/tailwindcss-4.0.16.tgz",
      "integrity": "sha512-i/SbG7ThTIcLshcFJL+je7hCv9dPis4Xl4XNeel6iZNX42pp/BZ+la+SbZIPoYE+PN8zhKbnHblpQ/lhOWwIeQ==",
      "license": "MIT"
    }
  }
}
